{
  "name": "daskalo",
  "version": "0.0.1",
  "lockfileVersion": 2,
  "requires": true,
  "packages": {
    "": {
      "name": "daskalo",
      "version": "0.0.1",
      "dependencies": {
        "daskalo": "^0.0.1",
        "lodash": "4.17.21"
      }
    },
    "node_modules/daskalo": {
      "version": "0.0.1",
      "resolved": "https://registry.npmjs.org/daskalo/-/daskalo-0.0.1.tgz",
      "integrity": "sha512-eEE6XGNSARjiFfpWm2sdJdk+V0SgyBY0ZSKNGIkAsFy4piN4hTb9JUNTVCiNzuQD8cd3SjBgYjWLQDGyKcYfTQ==",
      "dependencies": {
        "lodash": "4.17.21"
      }
    },
    "node_modules/lodash": {
      "version": "4.17.21",
      "resolved": "https://registry.npmjs.org/lodash/-/lodash-4.17.21.tgz",
      "integrity": "sha512-v2kDEe57lecTulaDIuNTPy3Ry4gLGJ6Z1O3vE1krgXZNrsQ+LFTGHVxVjcXPs17LhbZVGedAJv8XZ1tvj5FvSg=="
    }
  },
  "dependencies": {
    "daskalo": {
      "version": "0.0.1",
      "resolved": "https://registry.npmjs.org/daskalo/-/daskalo-0.0.1.tgz",
      "integrity": "sha512-eEE6XGNSARjiFfpWm2sdJdk+V0SgyBY0ZSKNGIkAsFy4piN4hTb9JUNTVCiNzuQD8cd3SjBgYjWLQDGyKcYfTQ==",
      "requires": {
        "lodash": "4.17.21"
      }
    },
    "lodash": {
      "version": "4.17.21",
      "resolved": "https://registry.npmjs.org/lodash/-/lodash-4.17.21.tgz",
      "integrity": "sha512-v2kDEe57lecTulaDIuNTPy3Ry4gLGJ6Z1O3vE1krgXZNrsQ+LFTGHVxVjcXPs17LhbZVGedAJv8XZ1tvj5FvSg=="
    }
  }
}
